{
  "version": "4",
  "specifiers": {
    "jsr:@denosaurs/event@2.0.2": "2.0.2",
    "jsr:@harmony/harmony@*": "2.9.1",
    "jsr:@std/assert@0.217": "0.217.0",
    "jsr:@std/bytes@0.217": "0.217.0",
    "jsr:@std/dotenv@*": "0.225.2",
    "jsr:@std/encoding@0.217": "0.217.0",
    "jsr:@std/fs@0.217": "0.217.0",
    "jsr:@std/io@0.217": "0.217.0",
    "jsr:@std/path@0.217": "0.217.0",
    "npm:@atproto/api@*": "0.13.26",
    "npm:@evan/wasm@0.0.95": "0.0.95",
    "npm:@types/node@*": "22.5.4",
    "npm:redis@4.6.13": "4.6.13_@redis+client@1.5.14",
    "npm:ts-mixer@6.0.0": "6.0.0",
    "npm:tsl-mastodon-api@*": "0.5.1",
    "npm:twitter-api-v2@*": "1.19.0"
  },
  "jsr": {
    "@denosaurs/event@2.0.2": {
      "integrity": "3310ba1a9e94dd60ccb09c6084fc818cc1cd50e543c56ef0c6199f1b89073392"
    },
    "@harmony/harmony@2.9.1": {
      "integrity": "ffa5283d3df25b492a6eeb33607fcd9f1a9c18b1ec1b0f7c8e396f9839c5f1ec",
      "dependencies": [
        "jsr:@denosaurs/event",
        "jsr:@std/encoding",
        "jsr:@std/fs",
        "jsr:@std/io",
        "npm:@evan/wasm",
        "npm:redis",
        "npm:ts-mixer"
      ]
    },
    "@std/assert@0.217.0": {
      "integrity": "c98e279362ca6982d5285c3b89517b757c1e3477ee9f14eb2fdf80a45aaa9642"
    },
    "@std/bytes@0.217.0": {
      "integrity": "58209975707478fe12423d0b3270f4d400fd135a4edb1f50eeca8f92e34e6580"
    },
    "@std/dotenv@0.225.2": {
      "integrity": "e2025dce4de6c7bca21dece8baddd4262b09d5187217e231b033e088e0c4dd23"
    },
    "@std/encoding@0.217.0": {
      "integrity": "b03e8ff94c98d6b6a02c02c5cf8e5d203400155516248964fc4559abc04669dc"
    },
    "@std/fs@0.217.0": {
      "integrity": "0bfff5f3618d68c385b28b4ffbf3a15c98293a0f1186444458b62e0111ce77b2",
      "dependencies": [
        "jsr:@std/path"
      ]
    },
    "@std/io@0.217.0": {
      "integrity": "08d3dd7c10956d1433be95306ec15179cdebe49a0ce5a74238fabf140bb74382",
      "dependencies": [
        "jsr:@std/bytes"
      ]
    },
    "@std/path@0.217.0": {
      "integrity": "1217cc25534bca9a2f672d7fe7c6f356e4027df400c0e85c0ef3e4343bc67d11",
      "dependencies": [
        "jsr:@std/assert"
      ]
    }
  },
  "npm": {
    "@atproto/api@0.13.26": {
      "integrity": "sha512-W3zsgCdEuyvP2Qj3Np858kwjv5/pAd/pX3Z5HtLKIYt8uQottAZkuH+2dV+WRovgxHekyCyFJK07NuD4TQ9WMQ==",
      "dependencies": [
        "@atproto/common-web",
        "@atproto/lexicon",
        "@atproto/syntax",
        "@atproto/xrpc",
        "await-lock",
        "multiformats",
        "tlds",
        "zod"
      ]
    },
    "@atproto/common-web@0.3.2": {
      "integrity": "sha512-Vx0JtL1/CssJbFAb0UOdvTrkbUautsDfHNOXNTcX2vyPIxH9xOameSqLLunM1hZnOQbJwyjmQCt6TV+bhnanDg==",
      "dependencies": [
        "graphemer",
        "multiformats",
        "uint8arrays",
        "zod"
      ]
    },
    "@atproto/lexicon@0.4.5": {
      "integrity": "sha512-fljWqMGKn+XWtTprBcS3F1hGBREnQYh6qYHv2sjENucc7REms1gtmZXSerB9N6pVeHVNOnXiILdukeAcic5OEw==",
      "dependencies": [
        "@atproto/common-web",
        "@atproto/syntax",
        "iso-datestring-validator",
        "multiformats",
        "zod"
      ]
    },
    "@atproto/syntax@0.3.1": {
      "integrity": "sha512-fzW0Mg1QUOVCWUD3RgEsDt6d1OZ6DdFmbKcDdbzUfh0t4rhtRAC05KbZYmxuMPWDAiJ4BbbQ5dkAc/mNypMXkw=="
    },
    "@atproto/xrpc@0.6.6": {
      "integrity": "sha512-umXEYVMo9/pyIBoKmIAIi64RXDW9tSXY+wqztlQ6I2GZtjLfNZqmAWU+wADk3SxUe54mvjxxGyA4TtyGtDMfhA==",
      "dependencies": [
        "@atproto/lexicon",
        "zod"
      ]
    },
    "@evan/wasm@0.0.95": {
      "integrity": "sha512-fWW2p6iNhEVhsMStf3gj4UD+IQz2TZFunqRPjSeKYlVUHyoLoStNrW3XaiiEj4b7u/0mUPcvT4oYAauerDWF/Q=="
    },
    "@redis/bloom@1.2.0_@redis+client@1.5.14": {
      "integrity": "sha512-HG2DFjYKbpNmVXsa0keLHp/3leGJz1mjh09f2RLGGLQZzSHpkmZWuwJbAvo3QcRY8p80m5+ZdXZdYOSBLlp7Cg==",
      "dependencies": [
        "@redis/client"
      ]
    },
    "@redis/client@1.5.14": {
      "integrity": "sha512-YGn0GqsRBFUQxklhY7v562VMOP0DcmlrHHs3IV1mFE3cbxe31IITUkqhBcIhVSI/2JqtWAJXg5mjV4aU+zD0HA==",
      "dependencies": [
        "cluster-key-slot",
        "generic-pool",
        "yallist"
      ]
    },
    "@redis/graph@1.1.1_@redis+client@1.5.14": {
      "integrity": "sha512-FEMTcTHZozZciLRl6GiiIB4zGm5z5F3F6a6FZCyrfxdKOhFlGkiAqlexWMBzCi4DcRoyiOsuLfW+cjlGWyExOw==",
      "dependencies": [
        "@redis/client"
      ]
    },
    "@redis/json@1.0.6_@redis+client@1.5.14": {
      "integrity": "sha512-rcZO3bfQbm2zPRpqo82XbW8zg4G/w4W3tI7X8Mqleq9goQjAGLL7q/1n1ZX4dXEAmORVZ4s1+uKLaUOg7LrUhw==",
      "dependencies": [
        "@redis/client"
      ]
    },
    "@redis/search@1.1.6_@redis+client@1.5.14": {
      "integrity": "sha512-mZXCxbTYKBQ3M2lZnEddwEAks0Kc7nauire8q20oA0oA/LoA+E/b5Y5KZn232ztPb1FkIGqo12vh3Lf+Vw5iTw==",
      "dependencies": [
        "@redis/client"
      ]
    },
    "@redis/time-series@1.0.5_@redis+client@1.5.14": {
      "integrity": "sha512-IFjIgTusQym2B5IZJG3XKr5llka7ey84fw/NOYqESP5WUfQs9zz1ww/9+qoz4ka/S6KcGBodzlCeZ5UImKbscg==",
      "dependencies": [
        "@redis/client"
      ]
    },
    "@types/node@22.5.4": {
      "integrity": "sha512-FDuKUJQm/ju9fT/SeX/6+gBzoPzlVCzfzmGkwKvRHQVxi4BntVbyIwf6a4Xn62mrvndLiml6z/UBXIdEVjQLXg==",
      "dependencies": [
        "undici-types"
      ]
    },
    "await-lock@2.2.2": {
      "integrity": "sha512-aDczADvlvTGajTDjcjpJMqRkOF6Qdz3YbPZm/PyW6tKPkx2hlYBzxMhEywM/tU72HrVZjgl5VCdRuMlA7pZ8Gw=="
    },
    "cluster-key-slot@1.1.2": {
      "integrity": "sha512-RMr0FhtfXemyinomL4hrWcYJxmX6deFdCxpJzhDttxgO1+bcCnkk+9drydLVDmAMG7NE6aN/fl4F7ucU/90gAA=="
    },
    "data-uri-to-buffer@4.0.1": {
      "integrity": "sha512-0R9ikRb668HB7QDxT1vkpuUBtqc53YyAwMwGeUFKRojY/NWKvdZ+9UYtRfGmhqNbRkTSVpMbmyhXipFFv2cb/A=="
    },
    "fetch-blob@3.2.0": {
      "integrity": "sha512-7yAQpD2UMJzLi1Dqv7qFYnPbaPx7ZfFK6PiIxQ4PfkGPyNyl2Ugx+a/umUonmKqjhM4DnfbMvdX6otXq83soQQ==",
      "dependencies": [
        "node-domexception",
        "web-streams-polyfill"
      ]
    },
    "formdata-polyfill@4.0.10": {
      "integrity": "sha512-buewHzMvYL29jdeQTVILecSaZKnt/RJWjoZCF5OW60Z67/GmSLBkOFM7qh1PI3zFNtJbaZL5eQu1vLfazOwj4g==",
      "dependencies": [
        "fetch-blob"
      ]
    },
    "generic-pool@3.9.0": {
      "integrity": "sha512-hymDOu5B53XvN4QT9dBmZxPX4CWhBPPLguTZ9MMFeFa/Kg0xWVfylOVNlJji/E7yTZWFd/q9GO5TxDLq156D7g=="
    },
    "graphemer@1.4.0": {
      "integrity": "sha512-EtKwoO6kxCL9WO5xipiHTZlSzBm7WLT627TqC/uVRd0HKmq8NXyebnNYxDoBi7wt8eTWrUrKXCOVaFq9x1kgag=="
    },
    "iso-datestring-validator@2.2.2": {
      "integrity": "sha512-yLEMkBbLZTlVQqOnQ4FiMujR6T4DEcCb1xizmvXS+OxuhwcbtynoosRzdMA69zZCShCNAbi+gJ71FxZBBXx1SA=="
    },
    "multiformats@9.9.0": {
      "integrity": "sha512-HoMUjhH9T8DDBNT+6xzkrd9ga/XiBI4xLr58LJACwK6G3HTOPeMz4nB4KJs33L2BelrIJa7P0VuNaVF3hMYfjg=="
    },
    "node-domexception@1.0.0": {
      "integrity": "sha512-/jKZoMpw0F8GRwl4/eLROPA3cfcXtLApP0QzLmUT/HuPCZWyB7IY9ZrMeKw2O/nFIqPQB3PVM9aYm0F312AXDQ=="
    },
    "node-fetch@3.3.2": {
      "integrity": "sha512-dRB78srN/l6gqWulah9SrxeYnxeddIG30+GOqK/9OlLVyLg3HPnr6SqOWTWOXKRwC2eGYCkZ59NNuSgvSrpgOA==",
      "dependencies": [
        "data-uri-to-buffer",
        "fetch-blob",
        "formdata-polyfill"
      ]
    },
    "oauth@0.10.0": {
      "integrity": "sha512-1orQ9MT1vHFGQxhuy7E/0gECD3fd2fCC+PIX+/jgmU/gI3EpRocXtmtvxCO5x3WZ443FLTLFWNDjl5MPJf9u+Q=="
    },
    "redis@4.6.13_@redis+client@1.5.14": {
      "integrity": "sha512-MHgkS4B+sPjCXpf+HfdetBwbRz6vCtsceTmw1pHNYJAsYxrfpOP6dz+piJWGos8wqG7qb3vj/Rrc5qOlmInUuA==",
      "dependencies": [
        "@redis/bloom",
        "@redis/client",
        "@redis/graph",
        "@redis/json",
        "@redis/search",
        "@redis/time-series"
      ]
    },
    "tlds@1.255.0": {
      "integrity": "sha512-tcwMRIioTcF/FcxLev8MJWxCp+GUALRhFEqbDoZrnowmKSGqPrl5pqS+Sut2m8BgJ6S4FExCSSpGffZ0Tks6Aw=="
    },
    "ts-mixer@6.0.0": {
      "integrity": "sha512-nXIb1fvdY5CBSrDIblLn73NW0qRDk5yJ0Sk1qPBF560OdJfQp9jhl+0tzcY09OZ9U+6GpeoI9RjwoIKFIoB9MQ=="
    },
    "tsl-mastodon-api@0.5.1": {
      "integrity": "sha512-YdRcQ2UWYZY3dRvljc5OAzl/A935zbW4pFiRsLAUrc51BIS381wLuDi4sDiQrivID0yoi9pOjwIQlOz9WkWWcA==",
      "dependencies": [
        "node-fetch",
        "oauth",
        "ws"
      ]
    },
    "twitter-api-v2@1.19.0": {
      "integrity": "sha512-jfG4aapNPM9+4VxNxn0TXvD8Qj8NmVx6cY0hp5K626uZ41qXPaJz33Djd3y6gfHF/+W29+iZz0Y5qB869d/akA=="
    },
    "uint8arrays@3.0.0": {
      "integrity": "sha512-HRCx0q6O9Bfbp+HHSfQQKD7wU70+lydKVt4EghkdOvlK/NlrF90z+eXV34mUd48rNvVJXwkrMSPpCATkct8fJA==",
      "dependencies": [
        "multiformats"
      ]
    },
    "undici-types@6.19.8": {
      "integrity": "sha512-ve2KP6f/JnbPBFyobGHuerC9g1FYGn/F8n1LWTwNxCEzd6IfqTwUQcNXgEtmmQ6DlRrC1hrSrBnCZPokRrDHjw=="
    },
    "web-streams-polyfill@3.3.3": {
      "integrity": "sha512-d2JWLCivmZYTSIoge9MsgFCZrt571BikcWGYkjC1khllbTeDlGqZ2D8vD8E/lJa8WGWbb7Plm8/XJYV7IJHZZw=="
    },
    "ws@8.18.0": {
      "integrity": "sha512-8VbfWfHLbbwu3+N6OKsOMpBdT4kXPDDB9cJk2bJ6mh9ucxdlnNvH1e+roYkKmN9Nxw2yjz7VzeO9oOz2zJ04Pw=="
    },
    "yallist@4.0.0": {
      "integrity": "sha512-3wdGidZyq5PB084XLES5TpOSRA3wjXAlIWMhum2kRcv/41Sn2emQ0dycQW4uZXLejwKvg6EsvbdlVL+FYEct7A=="
    },
    "zod@3.24.1": {
      "integrity": "sha512-muH7gBL9sI1nciMZV67X5fTKKBLtwpZ5VBp1vsOQzj1MhrBZ4wlVCm3gedKZWLp0Oyel8sIGfeiz54Su+OVT+A=="
    }
  }
}
